
Microsoft Visual Studio Solution File, Format Version 12.00
# Visual Studio Version 16
VisualStudioVersion = 16.0.36107.64
MinimumVisualStudioVersion = 10.0.40219.1
Project("{FAE04EC0-301F-11D3-BF4B-00C04F79EFBC}") = "PSX4Any", "PSX4Any.csproj", "{47E57F0D-FB37-43C2-9DB2-B330B1918741}"
EndProject
Project("{FAE04EC0-301F-11D3-BF4B-00C04F79EFBC}") = "ProjectPSX", "ProjectPSX\ProjectPSX.csproj", "{F723680C-85BE-4350-A7E0-8D30C82A9C07}"
EndProject
Project("{FAE04EC0-301F-11D3-BF4B-00C04F79EFBC}") = "AppSettings", "AppSettings\AppSettings.csproj", "{5D8F5778-E543-4864-A840-E8EABA5BED70}"
EndProject
Project("{FAE04EC0-301F-11D3-BF4B-00C04F79EFBC}") = "PSX4AnyCommon", "PSX4AnyCommon\PSX4AnyCommon.csproj", "{87A7EE5D-588A-4117-8A7F-700AC1E997BE}"
EndProject
Global
	GlobalSection(SolutionConfigurationPlatforms) = preSolution
		Debug|Any CPU = Debug|Any CPU
		Release|Any CPU = Release|Any CPU
	EndGlobalSection
	GlobalSection(ProjectConfigurationPlatforms) = postSolution
		{47E57F0D-FB37-43C2-9DB2-B330B1918741}.Debug|Any CPU.ActiveCfg = Debug|Any CPU
		{47E57F0D-FB37-43C2-9DB2-B330B1918741}.Debug|Any CPU.Build.0 = Debug|Any CPU
		{47E57F0D-FB37-43C2-9DB2-B330B1918741}.Release|Any CPU.ActiveCfg = Release|Any CPU
		{47E57F0D-FB37-43C2-9DB2-B330B1918741}.Release|Any CPU.Build.0 = Release|Any CPU
		{F723680C-85BE-4350-A7E0-8D30C82A9C07}.Debug|Any CPU.ActiveCfg = Debug|Any CPU
		{F723680C-85BE-4350-A7E0-8D30C82A9C07}.Debug|Any CPU.Build.0 = Debug|Any CPU
		{F723680C-85BE-4350-A7E0-8D30C82A9C07}.Release|Any CPU.ActiveCfg = Release|Any CPU
		{F723680C-85BE-4350-A7E0-8D30C82A9C07}.Release|Any CPU.Build.0 = Release|Any CPU
		{5D8F5778-E543-4864-A840-E8EABA5BED70}.Debug|Any CPU.ActiveCfg = Debug|Any CPU
		{5D8F5778-E543-4864-A840-E8EABA5BED70}.Debug|Any CPU.Build.0 = Debug|Any CPU
		{5D8F5778-E543-4864-A840-E8EABA5BED70}.Release|Any CPU.ActiveCfg = Release|Any CPU
		{5D8F5778-E543-4864-A840-E8EABA5BED70}.Release|Any CPU.Build.0 = Release|Any CPU
		{87A7EE5D-588A-4117-8A7F-700AC1E997BE}.Debug|Any CPU.ActiveCfg = Debug|Any CPU
		{87A7EE5D-588A-4117-8A7F-700AC1E997BE}.Debug|Any CPU.Build.0 = Debug|Any CPU
		{87A7EE5D-588A-4117-8A7F-700AC1E997BE}.Release|Any CPU.ActiveCfg = Release|Any CPU
		{87A7EE5D-588A-4117-8A7F-700AC1E997BE}.Release|Any CPU.Build.0 = Release|Any CPU
	EndGlobalSection
	GlobalSection(SolutionProperties) = preSolution
		HideSolutionNode = FALSE
	EndGlobalSection
	GlobalSection(ExtensibilityGlobals) = postSolution
		SolutionGuid = {45259A15-EFE8-4FDC-A43A-5208F4692F7A}
	EndGlobalSection
EndGlobal
